// !$*UTF8*$!
{
	archiveVersion = 1;
	classes = {
	};
	objectVersion = 50;
	objects = {

/* Begin PBXBuildFile section */
		3F260807232FEDC800011810 /* institutos.swift in Sources */ = {isa = PBXBuildFile; fileRef = 3F260806232FEDC800011810 /* institutos.swift */; };
		3F260809232FEFD900011810 /* entidades.swift in Sources */ = {isa = PBXBuildFile; fileRef = 3F260808232FEFD900011810 /* entidades.swift */; };
		3F26080B232FF0C500011810 /* eventos.swift in Sources */ = {isa = PBXBuildFile; fileRef = 3F26080A232FF0C500011810 /* eventos.swift */; };
		3F26080D232FF19D00011810 /* descricaoEvento.swift in Sources */ = {isa = PBXBuildFile; fileRef = 3F26080C232FF19D00011810 /* descricaoEvento.swift */; };
		3F260810232FF48B00011810 /* institutosTableController.swift in Sources */ = {isa = PBXBuildFile; fileRef = 3F26080F232FF48B00011810 /* institutosTableController.swift */; };
		3F260812232FF4AC00011810 /* entidadesTableController.swift in Sources */ = {isa = PBXBuildFile; fileRef = 3F260811232FF4AC00011810 /* entidadesTableController.swift */; };
		3F260814232FF4D100011810 /* eventosTableController.swift in Sources */ = {isa = PBXBuildFile; fileRef = 3F260813232FF4D100011810 /* eventosTableController.swift */; };
		3F260816232FF59300011810 /* descricaoEventoTableController.swift in Sources */ = {isa = PBXBuildFile; fileRef = 3F260815232FF59300011810 /* descricaoEventoTableController.swift */; };
		3F39BEF8232C04D2006FBFBD /* AppDelegate.swift in Sources */ = {isa = PBXBuildFile; fileRef = 3F39BEF7232C04D2006FBFBD /* AppDelegate.swift */; };
		3F39BEFD232C04D2006FBFBD /* Main.storyboard in Resources */ = {isa = PBXBuildFile; fileRef = 3F39BEFB232C04D2006FBFBD /* Main.storyboard */; };
		3F39BEFF232C04D3006FBFBD /* Assets.xcassets in Resources */ = {isa = PBXBuildFile; fileRef = 3F39BEFE232C04D3006FBFBD /* Assets.xcassets */; };
		3F39BF02232C04D3006FBFBD /* LaunchScreen.storyboard in Resources */ = {isa = PBXBuildFile; fileRef = 3F39BF00232C04D3006FBFBD /* LaunchScreen.storyboard */; };
/* End PBXBuildFile section */

/* Begin PBXFileReference section */
		3F260806232FEDC800011810 /* institutos.swift */ = {isa = PBXFileReference; lastKnownFileType = sourcecode.swift; path = institutos.swift; sourceTree = "<group>"; };
		3F260808232FEFD900011810 /* entidades.swift */ = {isa = PBXFileReference; lastKnownFileType = sourcecode.swift; path = entidades.swift; sourceTree = "<group>"; };
		3F26080A232FF0C500011810 /* eventos.swift */ = {isa = PBXFileReference; lastKnownFileType = sourcecode.swift; path = eventos.swift; sourceTree = "<group>"; };
		3F26080C232FF19D00011810 /* descricaoEvento.swift */ = {isa = PBXFileReference; lastKnownFileType = sourcecode.swift; path = descricaoEvento.swift; sourceTree = "<group>"; };
		3F26080F232FF48B00011810 /* institutosTableController.swift */ = {isa = PBXFileReference; lastKnownFileType = sourcecode.swift; path = institutosTableController.swift; sourceTree = "<group>"; };
		3F260811232FF4AC00011810 /* entidadesTableController.swift */ = {isa = PBXFileReference; lastKnownFileType = sourcecode.swift; path = entidadesTableController.swift; sourceTree = "<group>"; };
		3F260813232FF4D100011810 /* eventosTableController.swift */ = {isa = PBXFileReference; lastKnownFileType = sourcecode.swift; path = eventosTableController.swift; sourceTree = "<group>"; };
		3F260815232FF59300011810 /* descricaoEventoTableController.swift */ = {isa = PBXFileReference; lastKnownFileType = sourcecode.swift; path = descricaoEventoTableController.swift; sourceTree = "<group>"; };
		3F39BEF4232C04D2006FBFBD /* appMuralUSP.app */ = {isa = PBXFileReference; explicitFileType = wrapper.application; includeInIndex = 0; path = appMuralUSP.app; sourceTree = BUILT_PRODUCTS_DIR; };
		3F39BEF7232C04D2006FBFBD /* AppDelegate.swift */ = {isa = PBXFileReference; lastKnownFileType = sourcecode.swift; path = AppDelegate.swift; sourceTree = "<group>"; };
		3F39BEFC232C04D2006FBFBD /* Base */ = {isa = PBXFileReference; lastKnownFileType = file.storyboard; name = Base; path = Base.lproj/Main.storyboard; sourceTree = "<group>"; };
		3F39BEFE232C04D3006FBFBD /* Assets.xcassets */ = {isa = PBXFileReference; lastKnownFileType = folder.assetcatalog; path = Assets.xcassets; sourceTree = "<group>"; };
		3F39BF01232C04D3006FBFBD /* Base */ = {isa = PBXFileReference; lastKnownFileType = file.storyboard; name = Base; path = Base.lproj/LaunchScreen.storyboard; sourceTree = "<group>"; };
		3F39BF03232C04D3006FBFBD /* Info.plist */ = {isa = PBXFileReference; lastKnownFileType = text.plist.xml; path = Info.plist; sourceTree = "<group>"; };
/* End PBXFileReference section */

/* Begin PBXFrameworksBuildPhase section */
		3F39BEF1232C04D2006FBFBD /* Frameworks */ = {
			isa = PBXFrameworksBuildPhase;
			buildActionMask = 2147483647;
			files = (
			);
			runOnlyForDeploymentPostprocessing = 0;
		};
/* End PBXFrameworksBuildPhase section */

/* Begin PBXGroup section */
		3F260805232FECF100011810 /* Outlets */ = {
			isa = PBXGroup;
			children = (
				3F260806232FEDC800011810 /* institutos.swift */,
				3F260808232FEFD900011810 /* entidades.swift */,
				3F26080A232FF0C500011810 /* eventos.swift */,
				3F26080C232FF19D00011810 /* descricaoEvento.swift */,
			);
			path = Outlets;
			sourceTree = "<group>";
		};
		3F26080E232FF31B00011810 /* Controllers */ = {
			isa = PBXGroup;
			children = (
				3F26080F232FF48B00011810 /* institutosTableController.swift */,
				3F260811232FF4AC00011810 /* entidadesTableController.swift */,
				3F260813232FF4D100011810 /* eventosTableController.swift */,
				3F260815232FF59300011810 /* descricaoEventoTableController.swift */,
			);
			path = Controllers;
			sourceTree = "<group>";
		};
		3F39BEEB232C04D2006FBFBD = {
			isa = PBXGroup;
			children = (
				3F39BEF6232C04D2006FBFBD /* appMuralUSP */,
				3F39BEF5232C04D2006FBFBD /* Products */,
			);
			sourceTree = "<group>";
		};
		3F39BEF5232C04D2006FBFBD /* Products */ = {
			isa = PBXGroup;
			children = (
				3F39BEF4232C04D2006FBFBD /* appMuralUSP.app */,
			);
			name = Products;
			sourceTree = "<group>";
		};
		3F39BEF6232C04D2006FBFBD /* appMuralUSP */ = {
			isa = PBXGroup;
			children = (
				3F26080E232FF31B00011810 /* Controllers */,
				3F260805232FECF100011810 /* Outlets */,
				3F39BEF7232C04D2006FBFBD /* AppDelegate.swift */,
				3F39BEFB232C04D2006FBFBD /* Main.storyboard */,
				3F39BEFE232C04D3006FBFBD /* Assets.xcassets */,
				3F39BF00232C04D3006FBFBD /* LaunchScreen.storyboard */,
				3F39BF03232C04D3006FBFBD /* Info.plist */,
			);
			path = appMuralUSP;
			sourceTree = "<group>";
		};
/* End PBXGroup section */

/* Begin PBXNativeTarget section */
		3F39BEF3232C04D2006FBFBD /* appMuralUSP */ = {
			isa = PBXNativeTarget;
			buildConfigurationList = 3F39BF06232C04D3006FBFBD /* Build configuration list for PBXNativeTarget "appMuralUSP" */;
			buildPhases = (
				3F39BEF0232C04D2006FBFBD /* Sources */,
				3F39BEF1232C04D2006FBFBD /* Frameworks */,
				3F39BEF2232C04D2006FBFBD /* Resources */,
			);
			buildRules = (
			);
			dependencies = (
			);
			name = appMuralUSP;
			productName = appMuralUSP;
			productReference = 3F39BEF4232C04D2006FBFBD /* appMuralUSP.app */;
			productType = "com.apple.product-type.application";
		};
/* End PBXNativeTarget section */

/* Begin PBXProject section */
		3F39BEEC232C04D2006FBFBD /* Project object */ = {
			isa = PBXProject;
			attributes = {
				LastSwiftUpdateCheck = 1030;
				LastUpgradeCheck = 1030;
				ORGANIZATIONNAME = board;
				TargetAttributes = {
					3F39BEF3232C04D2006FBFBD = {
						CreatedOnToolsVersion = 10.3;
					};
				};
			};
			buildConfigurationList = 3F39BEEF232C04D2006FBFBD /* Build configuration list for PBXProject "appMuralUSP" */;
			compatibilityVersion = "Xcode 9.3";
			developmentRegion = en;
			hasScannedForEncodings = 0;
			knownRegions = (
				en,
				Base,
			);
			mainGroup = 3F39BEEB232C04D2006FBFBD;
			productRefGroup = 3F39BEF5232C04D2006FBFBD /* Products */;
			projectDirPath = "";
			projectRoot = "";
			targets = (
				3F39BEF3232C04D2006FBFBD /* appMuralUSP */,
			);
		};
/* End PBXProject section */

/* Begin PBXResourcesBuildPhase section */
		3F39BEF2232C04D2006FBFBD /* Resources */ = {
			isa = PBXResourcesBuildPhase;
			buildActionMask = 2147483647;
			files = (
				3F39BF02232C04D3006FBFBD /* LaunchScreen.storyboard in Resources */,
				3F39BEFF232C04D3006FBFBD /* Assets.xcassets in Resources */,
				3F39BEFD232C04D2006FBFBD /* Main.storyboard in Resources */,
			);
			runOnlyForDeploymentPostprocessing = 0;
		};
/* End PBXResourcesBuildPhase section */

/* Begin PBXSourcesBuildPhase section */
		3F39BEF0232C04D2006FBFBD /* Sources */ = {
			isa = PBXSourcesBuildPhase;
			buildActionMask = 2147483647;
			files = (
				3F260816232FF59300011810 /* descricaoEventoTableController.swift in Sources */,
				3F26080B232FF0C500011810 /* eventos.swift in Sources */,
				3F26080D232FF19D00011810 /* descricaoEvento.swift in Sources */,
				3F39BEF8232C04D2006FBFBD /* AppDelegate.swift in Sources */,
				3F260809232FEFD900011810 /* entidades.swift in Sources */,
				3F260812232FF4AC00011810 /* entidadesTableController.swift in Sources */,
				3F260810232FF48B00011810 /* institutosTableController.swift in Sources */,
				3F260807232FEDC800011810 /* institutos.swift in Sources */,
				3F260814232FF4D100011810 /* eventosTableController.swift in Sources */,
			);
			runOnlyForDeploymentPostprocessing = 0;
		};
/* End PBXSourcesBuildPhase section */

/* Begin PBXVariantGroup section */
		3F39BEFB232C04D2006FBFBD /* Main.storyboard */ = {
			isa = PBXVariantGroup;
			children = (
				3F39BEFC232C04D2006FBFBD /* Base */,
			);
			name = Main.storyboard;
			sourceTree = "<group>";
		};
		3F39BF00232C04D3006FBFBD /* LaunchScreen.storyboard */ = {
			isa = PBXVariantGroup;
			children = (
				3F39BF01232C04D3006FBFBD /* Base */,
			);
			name = LaunchScreen.storyboard;
			sourceTree = "<group>";
		};
/* End PBXVariantGroup section */

/* Begin XCBuildConfiguration section */
		3F39BF04232C04D3006FBFBD /* Debug */ = {
			isa = XCBuildConfiguration;
			buildSettings = {
				ALWAYS_SEARCH_USER_PATHS = NO;
				CLANG_ANALYZER_NONNULL = YES;
				CLANG_ANALYZER_NUMBER_OBJECT_CONVERSION = YES_AGGRESSIVE;
				CLANG_CXX_LANGUAGE_STANDARD = "gnu++14";
				CLANG_CXX_LIBRARY = "libc++";
				CLANG_ENABLE_MODULES = YES;
				CLANG_ENABLE_OBJC_ARC = YES;
				CLANG_ENABLE_OBJC_WEAK = YES;
				CLANG_WARN_BLOCK_CAPTURE_AUTORELEASING = YES;
				CLANG_WARN_BOOL_CONVERSION = YES;
				CLANG_WARN_COMMA = YES;
				CLANG_WARN_CONSTANT_CONVERSION = YES;
				CLANG_WARN_DEPRECATED_OBJC_IMPLEMENTATIONS = YES;
				CLANG_WARN_DIRECT_OBJC_ISA_USAGE = YES_ERROR;
				CLANG_WARN_DOCUMENTATION_COMMENTS = YES;
				CLANG_WARN_EMPTY_BODY = YES;
				CLANG_WARN_ENUM_CONVERSION = YES;
				CLANG_WARN_INFINITE_RECURSION = YES;
				CLANG_WARN_INT_CONVERSION = YES;
				CLANG_WARN_NON_LITERAL_NULL_CONVERSION = YES;
				CLANG_WARN_OBJC_IMPLICIT_RETAIN_SELF = YES;
				CLANG_WARN_OBJC_LITERAL_CONVERSION = YES;
				CLANG_WARN_OBJC_ROOT_CLASS = YES_ERROR;
				CLANG_WARN_RANGE_LOOP_ANALYSIS = YES;
				CLANG_WARN_STRICT_PROTOTYPES = YES;
				CLANG_WARN_SUSPICIOUS_MOVE = YES;
				CLANG_WARN_UNGUARDED_AVAILABILITY = YES_AGGRESSIVE;
				CLANG_WARN_UNREACHABLE_CODE = YES;
				CLANG_WARN__DUPLICATE_METHOD_MATCH = YES;
				CODE_SIGN_IDENTITY = "iPhone Developer";
				COPY_PHASE_STRIP = NO;
				DEBUG_INFORMATION_FORMAT = dwarf;
				ENABLE_STRICT_OBJC_MSGSEND = YES;
				ENABLE_TESTABILITY = YES;
				GCC_C_LANGUAGE_STANDARD = gnu11;
				GCC_DYNAMIC_NO_PIC = NO;
				GCC_NO_COMMON_BLOCKS = YES;
				GCC_OPTIMIZATION_LEVEL = 0;
				GCC_PREPROCESSOR_DEFINITIONS = (
					"DEBUG=1",
					"$(inherited)",
				);
				GCC_WARN_64_TO_32_BIT_CONVERSION = YES;
				GCC_WARN_ABOUT_RETURN_TYPE = YES_ERROR;
				GCC_WARN_UNDECLARED_SELECTOR = YES;
				GCC_WARN_UNINITIALIZED_AUTOS = YES_AGGRESSIVE;
				GCC_WARN_UNUSED_FUNCTION = YES;
				GCC_WARN_UNUSED_VARIABLE = YES;
				IPHONEOS_DEPLOYMENT_TARGET = 12.4;
				MTL_ENABLE_DEBUG_INFO = INCLUDE_SOURCE;
				MTL_FAST_MATH = YES;
				ONLY_ACTIVE_ARCH = YES;
				SDKROOT = iphoneos;
				SWIFT_ACTIVE_COMPILATION_CONDITIONS = DEBUG;
				SWIFT_OPTIMIZATION_LEVEL = "-Onone";
			};
			name = Debug;
		};
		3F39BF05232C04D3006FBFBD /* Release */ = {
			isa = XCBuildConfiguration;
			buildSettings = {
				ALWAYS_SEARCH_USER_PATHS = NO;
				CLANG_ANALYZER_NONNULL = YES;
				CLANG_ANALYZER_NUMBER_OBJECT_CONVERSION = YES_AGGRESSIVE;
				CLANG_CXX_LANGUAGE_STANDARD = "gnu++14";
				CLANG_CXX_LIBRARY = "libc++";
				CLANG_ENABLE_MODULES = YES;
				CLANG_ENABLE_OBJC_ARC = YES;
				CLANG_ENABLE_OBJC_WEAK = YES;
				CLANG_WARN_BLOCK_CAPTURE_AUTORELEASING = YES;
				CLANG_WARN_BOOL_CONVERSION = YES;
				CLANG_WARN_COMMA = YES;
				CLANG_WARN_CONSTANT_CONVERSION = YES;
				CLANG_WARN_DEPRECATED_OBJC_IMPLEMENTATIONS = YES;
				CLANG_WARN_DIRECT_OBJC_ISA_USAGE = YES_ERROR;
				CLANG_WARN_DOCUMENTATION_COMMENTS = YES;
				CLANG_WARN_EMPTY_BODY = YES;
				CLANG_WARN_ENUM_CONVERSION = YES;
				CLANG_WARN_INFINITE_RECURSION = YES;
				CLANG_WARN_INT_CONVERSION = YES;
				CLANG_WARN_NON_LITERAL_NULL_CONVERSION = YES;
				CLANG_WARN_OBJC_IMPLICIT_RETAIN_SELF = YES;
				CLANG_WARN_OBJC_LITERAL_CONVERSION = YES;
				CLANG_WARN_OBJC_ROOT_CLASS = YES_ERROR;
				CLANG_WARN_RANGE_LOOP_ANALYSIS = YES;
				CLANG_WARN_STRICT_PROTOTYPES = YES;
				CLANG_WARN_SUSPICIOUS_MOVE = YES;
				CLANG_WARN_UNGUARDED_AVAILABILITY = YES_AGGRESSIVE;
				CLANG_WARN_UNREACHABLE_CODE = YES;
				CLANG_WARN__DUPLICATE_METHOD_MATCH = YES;
				CODE_SIGN_IDENTITY = "iPhone Developer";
				COPY_PHASE_STRIP = NO;
				DEBUG_INFORMATION_FORMAT = "dwarf-with-dsym";
				ENABLE_NS_ASSERTIONS = NO;
				ENABLE_STRICT_OBJC_MSGSEND = YES;
				GCC_C_LANGUAGE_STANDARD = gnu11;
				GCC_NO_COMMON_BLOCKS = YES;
				GCC_WARN_64_TO_32_BIT_CONVERSION = YES;
				GCC_WARN_ABOUT_RETURN_TYPE = YES_ERROR;
				GCC_WARN_UNDECLARED_SELECTOR = YES;
				GCC_WARN_UNINITIALIZED_AUTOS = YES_AGGRESSIVE;
				GCC_WARN_UNUSED_FUNCTION = YES;
				GCC_WARN_UNUSED_VARIABLE = YES;
				IPHONEOS_DEPLOYMENT_TARGET = 12.4;
				MTL_ENABLE_DEBUG_INFO = NO;
				MTL_FAST_MATH = YES;
				SDKROOT = iphoneos;
				SWIFT_COMPILATION_MODE = wholemodule;
				SWIFT_OPTIMIZATION_LEVEL = "-O";
				VALIDATE_PRODUCT = YES;
			};
			name = Release;
		};
		3F39BF07232C04D3006FBFBD /* Debug */ = {
			isa = XCBuildConfiguration;
			buildSettings = {
				ASSETCATALOG_COMPILER_APPICON_NAME = AppIcon;
				CODE_SIGN_STYLE = Automatic;
				INFOPLIST_FILE = appMuralUSP/Info.plist;
				LD_RUNPATH_SEARCH_PATHS = (
					"$(inherited)",
					"@executable_path/Frameworks",
				);
				PRODUCT_BUNDLE_IDENTIFIER = board.appMuralUSP;
				PRODUCT_NAME = "$(TARGET_NAME)";
				SWIFT_VERSION = 5.0;
				TARGETED_DEVICE_FAMILY = "1,2";
			};
			name = Debug;
		};
		3F39BF08232C04D3006FBFBD /* Release */ = {
			isa = XCBuildConfiguration;
			buildSettings = {
				ASSETCATALOG_COMPILER_APPICON_NAME = AppIcon;
				CODE_SIGN_STYLE = Automatic;
				INFOPLIST_FILE = appMuralUSP/Info.plist;
				LD_RUNPATH_SEARCH_PATHS = (
					"$(inherited)",
					"@executable_path/Frameworks",
				);
				PRODUCT_BUNDLE_IDENTIFIER = board.appMuralUSP;
				PRODUCT_NAME = "$(TARGET_NAME)";
				SWIFT_VERSION = 5.0;
				TARGETED_DEVICE_FAMILY = "1,2";
			};
			name = Release;
		};
/* End XCBuildConfiguration section */

/* Begin XCConfigurationList section */
		3F39BEEF232C04D2006FBFBD /* Build configuration list for PBXProject "appMuralUSP" */ = {
			isa = XCConfigurationList;
			buildConfigurations = (
				3F39BF04232C04D3006FBFBD /* Debug */,
				3F39BF05232C04D3006FBFBD /* Release */,
			);
			defaultConfigurationIsVisible = 0;
			defaultConfigurationName = Release;
		};
		3F39BF06232C04D3006FBFBD /* Build configuration list for PBXNativeTarget "appMuralUSP" */ = {
			isa = XCConfigurationList;
			buildConfigurations = (
				3F39BF07232C04D3006FBFBD /* Debug */,
				3F39BF08232C04D3006FBFBD /* Release */,
			);
			defaultConfigurationIsVisible = 0;
			defaultConfigurationName = Release;
		};
/* End XCConfigurationList section */
	};
	rootObject = 3F39BEEC232C04D2006FBFBD /* Project object */;
}
